
Microsoft Visual Studio Solution File, Format Version 12.00
# Visual Studio Version 16
VisualStudioVersion = 16.0.31624.102
MinimumVisualStudioVersion = 10.0.40219.1
Project("{FAE04EC0-301F-11D3-BF4B-00C04F79EFBC}") = "PovezavaLinkToSQL", "PovezavaLinkToSQL\PovezavaLinkToSQL.csproj", "{61755CF5-B344-460B-9393-58A298B42C8C}"
EndProject
Global
	GlobalSection(SolutionConfigurationPlatforms) = preSolution
		Debug|Any CPU = Debug|Any CPU
		Release|Any CPU = Release|Any CPU
	EndGlobalSection
	GlobalSection(ProjectConfigurationPlatforms) = postSolution
		{61755CF5-B344-460B-9393-58A298B42C8C}.Debug|Any CPU.ActiveCfg = Debug|Any CPU
		{61755CF5-B344-460B-9393-58A298B42C8C}.Debug|Any CPU.Build.0 = Debug|Any CPU
		{61755CF5-B344-460B-9393-58A298B42C8C}.Release|Any CPU.ActiveCfg = Release|Any CPU
		{61755CF5-B344-460B-9393-58A298B42C8C}.Release|Any CPU.Build.0 = Release|Any CPU
	EndGlobalSection
	GlobalSection(SolutionProperties) = preSolution
		HideSolutionNode = FALSE
	EndGlobalSection
	GlobalSection(ExtensibilityGlobals) = postSolution
		SolutionGuid = {E7AA99C4-676B-48F7-89E6-48AAA1D7A3B5}
	EndGlobalSection
EndGlobal
