
Microsoft Visual Studio Solution File, Format Version 12.00
# Visual Studio Version 16
VisualStudioVersion = 16.0.31624.102
MinimumVisualStudioVersion = 10.0.40219.1
Project("{FAE04EC0-301F-11D3-BF4B-00C04F79EFBC}") = "UrejanjeTabel", "UrejanjeTabel\UrejanjeTabel.csproj", "{94229438-2453-4A55-89D7-316226DEB561}"
EndProject
Global
	GlobalSection(SolutionConfigurationPlatforms) = preSolution
		Debug|Any CPU = Debug|Any CPU
		Release|Any CPU = Release|Any CPU
	EndGlobalSection
	GlobalSection(ProjectConfigurationPlatforms) = postSolution
		{94229438-2453-4A55-89D7-316226DEB561}.Debug|Any CPU.ActiveCfg = Debug|Any CPU
		{94229438-2453-4A55-89D7-316226DEB561}.Debug|Any CPU.Build.0 = Debug|Any CPU
		{94229438-2453-4A55-89D7-316226DEB561}.Release|Any CPU.ActiveCfg = Release|Any CPU
		{94229438-2453-4A55-89D7-316226DEB561}.Release|Any CPU.Build.0 = Release|Any CPU
	EndGlobalSection
	GlobalSection(SolutionProperties) = preSolution
		HideSolutionNode = FALSE
	EndGlobalSection
	GlobalSection(ExtensibilityGlobals) = postSolution
		SolutionGuid = {07544081-E340-40E8-839D-F04F8009BDB9}
	EndGlobalSection
EndGlobal
