
Microsoft Visual Studio Solution File, Format Version 12.00
# Visual Studio Version 16
VisualStudioVersion = 16.0.31624.102
MinimumVisualStudioVersion = 10.0.40219.1
Project("{FAE04EC0-301F-11D3-BF4B-00C04F79EFBC}") = "HanoiskiStolpi", "HanoiskiStolpi\HanoiskiStolpi.csproj", "{B45E06CE-BCF2-4108-BF55-ACF40C55B6BB}"
EndProject
Global
	GlobalSection(SolutionConfigurationPlatforms) = preSolution
		Debug|Any CPU = Debug|Any CPU
		Release|Any CPU = Release|Any CPU
	EndGlobalSection
	GlobalSection(ProjectConfigurationPlatforms) = postSolution
		{B45E06CE-BCF2-4108-BF55-ACF40C55B6BB}.Debug|Any CPU.ActiveCfg = Debug|Any CPU
		{B45E06CE-BCF2-4108-BF55-ACF40C55B6BB}.Debug|Any CPU.Build.0 = Debug|Any CPU
		{B45E06CE-BCF2-4108-BF55-ACF40C55B6BB}.Release|Any CPU.ActiveCfg = Release|Any CPU
		{B45E06CE-BCF2-4108-BF55-ACF40C55B6BB}.Release|Any CPU.Build.0 = Release|Any CPU
	EndGlobalSection
	GlobalSection(SolutionProperties) = preSolution
		HideSolutionNode = FALSE
	EndGlobalSection
	GlobalSection(ExtensibilityGlobals) = postSolution
		SolutionGuid = {4D29F61B-05E6-4694-A399-4F7C1EB4E723}
	EndGlobalSection
EndGlobal
