
Microsoft Visual Studio Solution File, Format Version 12.00
# Visual Studio Version 16
VisualStudioVersion = 16.0.31624.102
MinimumVisualStudioVersion = 10.0.40219.1
Project("{FAE04EC0-301F-11D3-BF4B-00C04F79EFBC}") = "Delegati", "Delegati\Delegati.csproj", "{AC841B6E-7CD1-4B68-BA2B-56D1F617D011}"
EndProject
Global
	GlobalSection(SolutionConfigurationPlatforms) = preSolution
		Debug|Any CPU = Debug|Any CPU
		Release|Any CPU = Release|Any CPU
	EndGlobalSection
	GlobalSection(ProjectConfigurationPlatforms) = postSolution
		{AC841B6E-7CD1-4B68-BA2B-56D1F617D011}.Debug|Any CPU.ActiveCfg = Debug|Any CPU
		{AC841B6E-7CD1-4B68-BA2B-56D1F617D011}.Debug|Any CPU.Build.0 = Debug|Any CPU
		{AC841B6E-7CD1-4B68-BA2B-56D1F617D011}.Release|Any CPU.ActiveCfg = Release|Any CPU
		{AC841B6E-7CD1-4B68-BA2B-56D1F617D011}.Release|Any CPU.Build.0 = Release|Any CPU
	EndGlobalSection
	GlobalSection(SolutionProperties) = preSolution
		HideSolutionNode = FALSE
	EndGlobalSection
	GlobalSection(ExtensibilityGlobals) = postSolution
		SolutionGuid = {116A956D-1A01-4531-AF2E-25C2005B54BB}
	EndGlobalSection
EndGlobal
